<?xml version="1.0" encoding="utf-8"?>
<Project ToolsVersion="4.0" xmlns="http://schemas.microsoft.com/developer/msbuild/2003">
  <ItemGroup>
    <Filter Include="Source Files">
      <UniqueIdentifier>{4FC737F1-C7A5-4376-A066-2A32D752A2FF}</UniqueIdentifier>
      <Extensions>cpp;c;cc;cxx;def;odl;idl;hpj;bat;asm;asmx</Extensions>
    </Filter>
    <Filter Include="Header Files">
      <UniqueIdentifier>{93995380-89BD-4b04-88EB-625FBE52EBFB}</UniqueIdentifier>
      <Extensions>h;hh;hpp;hxx;hm;inl;inc;xsd</Extensions>
    </Filter>
    <Filter Include="Resource Files">
      <UniqueIdentifier>{D9D6E242-F8AF-46E4-B9FD-80ECBC20BA3E}</UniqueIdentifier>
      <Extensions>qrc;*</Extensions>
      <ParseFiles>false</ParseFiles>
    </Filter>
    <Filter Include="Form Files">
      <UniqueIdentifier>{99349809-55BA-4b9d-BF79-8FDBB0286EB3}</UniqueIdentifier>
      <Extensions>ui</Extensions>
    </Filter>
    <Filter Include="Resource Files">
      <UniqueIdentifier>{D9D6E242-F8AF-46E4-B9FD-80ECBC20BA3E}</UniqueIdentifier>
      <Extensions>qrc;*</Extensions>
      <ParseFiles>false</ParseFiles>
    </Filter>
    <Filter Include="Generated Files">
      <UniqueIdentifier>{71ED8ED8-ACB9-4CE9-BBE1-E00B30144E11}</UniqueIdentifier>
      <Extensions>moc;h;cpp</Extensions>
      <SourceControlFiles>False</SourceControlFiles>
    </Filter>
  </ItemGroup>
  <ItemGroup>
    <ClCompile Include="main.cpp">
      <Filter>Source Files</Filter>
    </ClCompile>
    <ClCompile Include="win_main.cpp">
      <Filter>Source Files</Filter>
    </ClCompile>
    <ClCompile Include="WgtNewSpeedway.cpp">
      <Filter>Source Files</Filter>
    </ClCompile>
    <ClCompile Include="ApiHolder.cpp">
      <Filter>Source Files</Filter>
    </ClCompile>
    <ClCompile Include="WgtImport.cpp">
      <Filter>Source Files</Filter>
    </ClCompile>
    <ClCompile Include="WgtNewRace.cpp">
      <Filter>Source Files</Filter>
    </ClCompile>
    <ClCompile Include="WgtLogin.cpp">
      <Filter>Source Files</Filter>
    </ClCompile>
    <ClCompile Include="BasicData.cpp">
      <Filter>Source Files</Filter>
    </ClCompile>
    <ClCompile Include="WgtMain.cpp">
      <Filter>Source Files</Filter>
    </ClCompile>
    <ClCompile Include="WgtLoader.cpp">
      <Filter>Source Files</Filter>
    </ClCompile>
  </ItemGroup>
  <ItemGroup>
    <QtMoc Include="win_main.h">
      <Filter>Header Files</Filter>
    </QtMoc>
    <QtMoc Include="WgtNewSpeedway.h">
      <Filter>Header Files</Filter>
    </QtMoc>
    <QtMoc Include="ApiHolder.h">
      <Filter>Header Files</Filter>
    </QtMoc>
    <QtMoc Include="WgtImport.h">
      <Filter>Header Files</Filter>
    </QtMoc>
    <QtMoc Include="ThreadSynch.h">
      <Filter>Header Files</Filter>
    </QtMoc>
    <QtMoc Include="WgtNewRace.h">
      <Filter>Header Files</Filter>
    </QtMoc>
    <QtMoc Include="WgtLogin.h">
      <Filter>Header Files</Filter>
    </QtMoc>
    <QtMoc Include="BasicData.h">
      <Filter>Header Files</Filter>
    </QtMoc>
    <QtMoc Include="WgtMain.h">
      <Filter>Header Files</Filter>
    </QtMoc>
    <QtMoc Include="WgtLoader.h">
      <Filter>Header Files</Filter>
    </QtMoc>
  </ItemGroup>
  <ItemGroup>
    <QtUic Include="win_main.ui">
      <Filter>Form Files</Filter>
    </QtUic>
    <QtUic Include="WgtNewSpeedway.ui">
      <Filter>Form Files</Filter>
    </QtUic>
    <QtUic Include="WgtImport.ui">
      <Filter>Form Files</Filter>
    </QtUic>
    <QtUic Include="WgtNewRace.ui">
      <Filter>Form Files</Filter>
    </QtUic>
    <QtUic Include="WgtLogin.ui">
      <Filter>Form Files</Filter>
    </QtUic>
    <QtUic Include="WgtMain.ui">
      <Filter>Form Files</Filter>
    </QtUic>
    <QtUic Include="WgtLoader.ui">
      <Filter>Form Files</Filter>
    </QtUic>
  </ItemGroup>
  <ItemGroup>
    <QtRcc Include="win_main.qrc">
      <Filter>Resource Files</Filter>
    </QtRcc>
  </ItemGroup>
  <ItemGroup>
    <ResourceCompile Include="discharger.rc" />
  </ItemGroup>
  <ItemGroup>
    <ClInclude Include="json.h">
      <Filter>Header Files</Filter>
    </ClInclude>
  </ItemGroup>
  <ItemGroup>
    <Text Include="TODO.txt" />
  </ItemGroup>
</Project>