<?xml version="1.0" encoding="utf-8"?>
<Project xmlns="http://schemas.microsoft.com/developer/msbuild/2003">
  <ItemGroup>
    <Filter Include="Form Files">
      <UniqueIdentifier>{99349809-55BA-4b9d-BF79-8FDBB0286EB3}</UniqueIdentifier>
      <Extensions>ui</Extensions>
      <ParseFiles>false</ParseFiles>
    </Filter>
    <Filter Include="Form Files">
      <UniqueIdentifier>{99349809-55BA-4b9d-BF79-8FDBB0286EB3}</UniqueIdentifier>
      <Extensions>ui</Extensions>
      <ParseFiles>false</ParseFiles>
    </Filter>
    <Filter Include="Generated Files">
      <UniqueIdentifier>{71ED8ED8-ACB9-4CE9-BBE1-E00B30144E11}</UniqueIdentifier>
      <Extensions>cpp;c;cxx;moc;h;def;odl;idl;res;</Extensions>
    </Filter>
    <Filter Include="Generated Files">
      <UniqueIdentifier>{71ED8ED8-ACB9-4CE9-BBE1-E00B30144E11}</UniqueIdentifier>
      <Extensions>cpp;c;cxx;moc;h;def;odl;idl;res;</Extensions>
    </Filter>
    <Filter Include="Header Files">
      <UniqueIdentifier>{93995380-89BD-4b04-88EB-625FBE52EBFB}</UniqueIdentifier>
      <Extensions>h;hpp;hxx;hm;inl;inc;xsd</Extensions>
    </Filter>
    <Filter Include="Header Files">
      <UniqueIdentifier>{93995380-89BD-4b04-88EB-625FBE52EBFB}</UniqueIdentifier>
      <Extensions>h;hpp;hxx;hm;inl;inc;xsd</Extensions>
    </Filter>
    <Filter Include="Resource Files">
      <UniqueIdentifier>{D9D6E242-F8AF-46E4-B9FD-80ECBC20BA3E}</UniqueIdentifier>
      <Extensions>qrc;*</Extensions>
      <ParseFiles>false</ParseFiles>
    </Filter>
    <Filter Include="Resource Files">
      <UniqueIdentifier>{D9D6E242-F8AF-46E4-B9FD-80ECBC20BA3E}</UniqueIdentifier>
      <Extensions>qrc;*</Extensions>
      <ParseFiles>false</ParseFiles>
    </Filter>
    <Filter Include="Source Files">
      <UniqueIdentifier>{4FC737F1-C7A5-4376-A066-2A32D752A2FF}</UniqueIdentifier>
      <Extensions>cpp;c;cxx;def;odl;idl;hpj;bat;asm;asmx</Extensions>
    </Filter>
    <Filter Include="Source Files">
      <UniqueIdentifier>{4FC737F1-C7A5-4376-A066-2A32D752A2FF}</UniqueIdentifier>
      <Extensions>cpp;c;cxx;def;odl;idl;hpj;bat;asm;asmx</Extensions>
    </Filter>
    <Filter Include="Header Files\Refactorized">
      <UniqueIdentifier>{4c2075b0-daa0-4fc5-b313-7bcfaf9f172f}</UniqueIdentifier>
    </Filter>
    <Filter Include="Source Files\Refactorized">
      <UniqueIdentifier>{7fc98d03-1aa6-4f75-a35b-38debe063b1a}</UniqueIdentifier>
    </Filter>
  </ItemGroup>
  <ItemGroup>
    <ClCompile Include="MainWin.cpp">
      <Filter>Source Files</Filter>
    </ClCompile>
    <ClCompile Include="TestConfigData.cpp">
      <Filter>Source Files</Filter>
    </ClCompile>
    <ClCompile Include="TestDriver.cpp">
      <Filter>Source Files</Filter>
    </ClCompile>
    <ClCompile Include="main.cpp">
      <Filter>Source Files</Filter>
    </ClCompile>
    <ClCompile Include="ChartPropertiesDialog.cpp">
      <Filter>Source Files</Filter>
    </ClCompile>
    <ClCompile Include="DbTestData.cpp">
      <Filter>Source Files</Filter>
    </ClCompile>
    <ClCompile Include="WebApi.cpp">
      <Filter>Source Files\Refactorized</Filter>
    </ClCompile>
    <ClCompile Include="User.cpp">
      <Filter>Source Files\Refactorized</Filter>
    </ClCompile>
    <ClCompile Include="ObjectFactory.cpp">
      <Filter>Source Files\Refactorized</Filter>
    </ClCompile>
    <ClCompile Include="DischargerDevice.cpp">
      <Filter>Source Files</Filter>
    </ClCompile>
    <ClCompile Include="SerialPort.cpp">
      <Filter>Source Files\Refactorized</Filter>
    </ClCompile>
    <ClCompile Include="LoginWgt.cpp">
      <Filter>Source Files</Filter>
    </ClCompile>
    <ClCompile Include="MenuWgt.cpp">
      <Filter>Source Files</Filter>
    </ClCompile>
    <ClCompile Include="TestConfigWgt.cpp">
      <Filter>Source Files</Filter>
    </ClCompile>
    <ClCompile Include="DischargerTest.cpp">
      <Filter>Generated Files</Filter>
    </ClCompile>
    <ClCompile Include="LogSimulationData.cpp">
      <Filter>Source Files</Filter>
    </ClCompile>
    <ClCompile Include="ChartWgt.cpp">
      <Filter>Source Files</Filter>
    </ClCompile>
    <ClCompile Include="ParamsWgt.cpp">
      <Filter>Source Files</Filter>
    </ClCompile>
    <ClCompile Include="CommFlowWgt.cpp">
      <Filter>Source Files</Filter>
    </ClCompile>
    <ClCompile Include="DevChticWgt.cpp">
      <Filter>Source Files</Filter>
    </ClCompile>
    <ClCompile Include="FileLogger.cpp">
      <Filter>Source Files</Filter>
    </ClCompile>
    <ClCompile Include="ChartGraphPropsWgt.cpp">
      <Filter>Source Files</Filter>
    </ClCompile>
  </ItemGroup>
  <ItemGroup>
    <QtMoc Include="MainWin.h">
      <Filter>Header Files</Filter>
    </QtMoc>
    <QtMoc Include="TestConfigData.h">
      <Filter>Header Files</Filter>
    </QtMoc>
    <QtMoc Include="TestDriver.h">
      <Filter>Header Files</Filter>
    </QtMoc>
    <ClInclude Include="TestParametersData.h">
      <Filter>Header Files</Filter>
    </ClInclude>
    <QtMoc Include="DeviceInterface.h">
      <Filter>Header Files</Filter>
    </QtMoc>
    <QtMoc Include="ChartPropertiesDialog.h">
      <Filter>Header Files</Filter>
    </QtMoc>
    <QtMoc Include="DbTestData.h">
      <Filter>Header Files</Filter>
    </QtMoc>
    <QtMoc Include="WebApi.h">
      <Filter>Header Files\Refactorized</Filter>
    </QtMoc>
    <QtMoc Include="User.h">
      <Filter>Header Files\Refactorized</Filter>
    </QtMoc>
    <QtMoc Include="DischargerDevice.h">
      <Filter>Header Files</Filter>
    </QtMoc>
    <QtMoc Include="SerialPort.h">
      <Filter>Header Files\Refactorized</Filter>
    </QtMoc>
    <QtMoc Include="LoginWgt.h">
      <Filter>Header Files</Filter>
    </QtMoc>
    <QtMoc Include="MenuWgt.h">
      <Filter>Header Files</Filter>
    </QtMoc>
    <QtMoc Include="TestConfigWgt.h">
      <Filter>Header Files</Filter>
    </QtMoc>
    <QtMoc Include="LogSimulationData.h">
      <Filter>Header Files</Filter>
    </QtMoc>
    <QtMoc Include="ChartWgt.h">
      <Filter>Header Files</Filter>
    </QtMoc>
    <QtMoc Include="ParamsWgt.h">
      <Filter>Header Files</Filter>
    </QtMoc>
    <QtMoc Include="CommFlowWgt.h">
      <Filter>Header Files</Filter>
    </QtMoc>
    <QtMoc Include="DevChticWgt.h">
      <Filter>Header Files</Filter>
    </QtMoc>
    <QtMoc Include="FileLogger.h">
      <Filter>Header Files</Filter>
    </QtMoc>
    <QtMoc Include="ChartGraphPropsWgt.h">
      <Filter>Header Files</Filter>
    </QtMoc>
  </ItemGroup>
  <ItemGroup>
    <QtRcc Include="MainWin.qrc">
      <Filter>Resource Files</Filter>
    </QtRcc>
  </ItemGroup>
  <ItemGroup>
    <ResourceCompile Include="discharger_desktop.rc" />
  </ItemGroup>
  <ItemGroup>
    <QtUic Include="MainWin.ui">
      <Filter>Form Files</Filter>
    </QtUic>
    <QtUic Include="ChartPropertiesDialog.ui">
      <Filter>Form Files</Filter>
    </QtUic>
    <QtUic Include="LoginWgt.ui">
      <Filter>Form Files</Filter>
    </QtUic>
    <QtUic Include="MenuWgt.ui">
      <Filter>Form Files</Filter>
    </QtUic>
    <QtUic Include="TestConfigWgt.ui">
      <Filter>Form Files</Filter>
    </QtUic>
    <QtUic Include="ChartWgt.ui">
      <Filter>Form Files</Filter>
    </QtUic>
    <QtUic Include="ParamsWgt.ui">
      <Filter>Form Files</Filter>
    </QtUic>
    <QtUic Include="CommFlowWgt.ui">
      <Filter>Form Files</Filter>
    </QtUic>
    <QtUic Include="DevChticWgt.ui">
      <Filter>Form Files</Filter>
    </QtUic>
    <QtUic Include="ChartGraphPropsWgt.ui">
      <Filter>Form Files</Filter>
    </QtUic>
  </ItemGroup>
  <ItemGroup>
    <ClInclude Include="Calculations.h">
      <Filter>Header Files\Refactorized</Filter>
    </ClInclude>
    <ClInclude Include="ObjectFactory.h">
      <Filter>Header Files\Refactorized</Filter>
    </ClInclude>
    <ClInclude Include="DbSimData.h">
      <Filter>Header Files\Refactorized</Filter>
    </ClInclude>
    <ClInclude Include="DischargerDeviceConverter.h">
      <Filter>Header Files\Refactorized</Filter>
    </ClInclude>
    <ClInclude Include="DischargerDeviceData.h">
      <Filter>Header Files\Refactorized</Filter>
    </ClInclude>
    <ClInclude Include="Cleaner.h">
      <Filter>Header Files\Refactorized</Filter>
    </ClInclude>
    <ClInclude Include="IClearable.h">
      <Filter>Header Files\Refactorized</Filter>
    </ClInclude>
    <ClInclude Include="ISetupable.h">
      <Filter>Header Files\Refactorized</Filter>
    </ClInclude>
    <ClInclude Include="Param.h">
      <Filter>Header Files\Refactorized</Filter>
    </ClInclude>
    <ClInclude Include="DischargerTest.h">
      <Filter>Generated Files</Filter>
    </ClInclude>
    <ClInclude Include="ChartGraphProps.h">
      <Filter>Generated Files</Filter>
    </ClInclude>
  </ItemGroup>
  <ItemGroup>
    <None Include="ClassDiagram.cd" />
  </ItemGroup>
</Project>